
Microsoft Visual Studio Solution File, Format Version 12.00
# Visual Studio 2012
Project("{FAE04EC0-301F-11D3-BF4B-00C04F79EFBC}") = "Maps", "Maps\Maps.csproj", "{8BD23C62-DE85-4BB0-AC09-6C0CA4363105}"
EndProject
Project("{FAE04EC0-301F-11D3-BF4B-00C04F79EFBC}") = "Maps.iOS", "iOS\Maps.iOS.csproj", "{528A1E63-D6F3-4AE7-AC54-5B5D0AEE54DD}"
EndProject
Project("{FAE04EC0-301F-11D3-BF4B-00C04F79EFBC}") = "Maps.Droid", "Droid\Maps.Droid.csproj", "{250D2E64-EB5A-493C-A784-DDEACD0BF80A}"
EndProject
Global
	GlobalSection(SolutionConfigurationPlatforms) = preSolution
		Debug|Any CPU = Debug|Any CPU
		Release|Any CPU = Release|Any CPU
		Debug|iPhoneSimulator = Debug|iPhoneSimulator
		Release|iPhone = Release|iPhone
		Release|iPhoneSimulator = Release|iPhoneSimulator
		Debug|iPhone = Debug|iPhone
	EndGlobalSection
	GlobalSection(ProjectConfigurationPlatforms) = postSolution
		{8BD23C62-DE85-4BB0-AC09-6C0CA4363105}.Debug|Any CPU.ActiveCfg = Debug|Any CPU
		{8BD23C62-DE85-4BB0-AC09-6C0CA4363105}.Debug|Any CPU.Build.0 = Debug|Any CPU
		{8BD23C62-DE85-4BB0-AC09-6C0CA4363105}.Release|Any CPU.ActiveCfg = Release|Any CPU
		{8BD23C62-DE85-4BB0-AC09-6C0CA4363105}.Release|Any CPU.Build.0 = Release|Any CPU
		{8BD23C62-DE85-4BB0-AC09-6C0CA4363105}.Debug|iPhoneSimulator.ActiveCfg = Debug|Any CPU
		{8BD23C62-DE85-4BB0-AC09-6C0CA4363105}.Debug|iPhoneSimulator.Build.0 = Debug|Any CPU
		{8BD23C62-DE85-4BB0-AC09-6C0CA4363105}.Release|iPhone.ActiveCfg = Release|Any CPU
		{8BD23C62-DE85-4BB0-AC09-6C0CA4363105}.Release|iPhone.Build.0 = Release|Any CPU
		{8BD23C62-DE85-4BB0-AC09-6C0CA4363105}.Release|iPhoneSimulator.ActiveCfg = Release|Any CPU
		{8BD23C62-DE85-4BB0-AC09-6C0CA4363105}.Release|iPhoneSimulator.Build.0 = Release|Any CPU
		{8BD23C62-DE85-4BB0-AC09-6C0CA4363105}.Debug|iPhone.ActiveCfg = Debug|Any CPU
		{8BD23C62-DE85-4BB0-AC09-6C0CA4363105}.Debug|iPhone.Build.0 = Debug|Any CPU
		{528A1E63-D6F3-4AE7-AC54-5B5D0AEE54DD}.Debug|Any CPU.ActiveCfg = Debug|iPhoneSimulator
		{528A1E63-D6F3-4AE7-AC54-5B5D0AEE54DD}.Debug|Any CPU.Build.0 = Debug|iPhoneSimulator
		{528A1E63-D6F3-4AE7-AC54-5B5D0AEE54DD}.Release|Any CPU.ActiveCfg = Release|iPhone
		{528A1E63-D6F3-4AE7-AC54-5B5D0AEE54DD}.Release|Any CPU.Build.0 = Release|iPhone
		{528A1E63-D6F3-4AE7-AC54-5B5D0AEE54DD}.Debug|iPhoneSimulator.ActiveCfg = Debug|iPhoneSimulator
		{528A1E63-D6F3-4AE7-AC54-5B5D0AEE54DD}.Debug|iPhoneSimulator.Build.0 = Debug|iPhoneSimulator
		{528A1E63-D6F3-4AE7-AC54-5B5D0AEE54DD}.Release|iPhone.ActiveCfg = Release|iPhone
		{528A1E63-D6F3-4AE7-AC54-5B5D0AEE54DD}.Release|iPhone.Build.0 = Release|iPhone
		{528A1E63-D6F3-4AE7-AC54-5B5D0AEE54DD}.Release|iPhoneSimulator.ActiveCfg = Release|iPhoneSimulator
		{528A1E63-D6F3-4AE7-AC54-5B5D0AEE54DD}.Release|iPhoneSimulator.Build.0 = Release|iPhoneSimulator
		{528A1E63-D6F3-4AE7-AC54-5B5D0AEE54DD}.Debug|iPhone.ActiveCfg = Debug|iPhone
		{528A1E63-D6F3-4AE7-AC54-5B5D0AEE54DD}.Debug|iPhone.Build.0 = Debug|iPhone
		{250D2E64-EB5A-493C-A784-DDEACD0BF80A}.Debug|Any CPU.ActiveCfg = Debug|Any CPU
		{250D2E64-EB5A-493C-A784-DDEACD0BF80A}.Debug|Any CPU.Build.0 = Debug|Any CPU
		{250D2E64-EB5A-493C-A784-DDEACD0BF80A}.Release|Any CPU.ActiveCfg = Release|Any CPU
		{250D2E64-EB5A-493C-A784-DDEACD0BF80A}.Release|Any CPU.Build.0 = Release|Any CPU
		{250D2E64-EB5A-493C-A784-DDEACD0BF80A}.Debug|iPhoneSimulator.ActiveCfg = Debug|Any CPU
		{250D2E64-EB5A-493C-A784-DDEACD0BF80A}.Debug|iPhoneSimulator.Build.0 = Debug|Any CPU
		{250D2E64-EB5A-493C-A784-DDEACD0BF80A}.Release|iPhone.ActiveCfg = Release|Any CPU
		{250D2E64-EB5A-493C-A784-DDEACD0BF80A}.Release|iPhone.Build.0 = Release|Any CPU
		{250D2E64-EB5A-493C-A784-DDEACD0BF80A}.Release|iPhoneSimulator.ActiveCfg = Release|Any CPU
		{250D2E64-EB5A-493C-A784-DDEACD0BF80A}.Release|iPhoneSimulator.Build.0 = Release|Any CPU
		{250D2E64-EB5A-493C-A784-DDEACD0BF80A}.Debug|iPhone.ActiveCfg = Debug|Any CPU
		{250D2E64-EB5A-493C-A784-DDEACD0BF80A}.Debug|iPhone.Build.0 = Debug|Any CPU
	EndGlobalSection
EndGlobal
